
Microsoft Visual Studio Solution File, Format Version 12.00
# Visual Studio Version 17
VisualStudioVersion = 17.10.34928.147
MinimumVisualStudioVersion = 10.0.40219.1
Project("{FAE04EC0-301F-11D3-BF4B-00C04F79EFBC}") = "oopRepeat", "oopRepeat.csproj", "{21ACBFDD-184D-4994-B143-97674B631598}"
EndProject
Global
	GlobalSection(SolutionConfigurationPlatforms) = preSolution
		Debug|Any CPU = Debug|Any CPU
		Release|Any CPU = Release|Any CPU
	EndGlobalSection
	GlobalSection(ProjectConfigurationPlatforms) = postSolution
		{21ACBFDD-184D-4994-B143-97674B631598}.Debug|Any CPU.ActiveCfg = Debug|Any CPU
		{21ACBFDD-184D-4994-B143-97674B631598}.Debug|Any CPU.Build.0 = Debug|Any CPU
		{21ACBFDD-184D-4994-B143-97674B631598}.Release|Any CPU.ActiveCfg = Release|Any CPU
		{21ACBFDD-184D-4994-B143-97674B631598}.Release|Any CPU.Build.0 = Release|Any CPU
	EndGlobalSection
	GlobalSection(SolutionProperties) = preSolution
		HideSolutionNode = FALSE
	EndGlobalSection
	GlobalSection(ExtensibilityGlobals) = postSolution
		SolutionGuid = {DB8118E1-F433-449E-943A-771B8F0D2099}
	EndGlobalSection
EndGlobal
